
Microsoft Visual Studio Solution File, Format Version 12.00
# Visual Studio Version 16
VisualStudioVersion = 16.0.31624.102
MinimumVisualStudioVersion = 10.0.40219.1
Project("{9A19103F-16F7-4668-BE54-9A1E7A4F7556}") = "EmployeeManagement.Models", "EmployeeManagement.Models\EmployeeManagement.Models.csproj", "{1D0B9868-40E0-44D5-BCA1-1656D40D3F68}"
EndProject
Project("{9A19103F-16F7-4668-BE54-9A1E7A4F7556}") = "EmployeeManagement.Web", "EmployeeManagement.Web\EmployeeManagement.Web.csproj", "{FA4D03A5-2D2F-4236-A76C-FAC98C0B17D0}"
EndProject
Project("{9A19103F-16F7-4668-BE54-9A1E7A4F7556}") = "EmployeeManagement.Api", "EmployeeManagement.Api\EmployeeManagement.Api.csproj", "{13D5B479-9181-436C-9E2C-899150BD8719}"
EndProject
Global
	GlobalSection(SolutionConfigurationPlatforms) = preSolution
		Debug|Any CPU = Debug|Any CPU
		Release|Any CPU = Release|Any CPU
	EndGlobalSection
	GlobalSection(ProjectConfigurationPlatforms) = postSolution
		{1D0B9868-40E0-44D5-BCA1-1656D40D3F68}.Debug|Any CPU.ActiveCfg = Debug|Any CPU
		{1D0B9868-40E0-44D5-BCA1-1656D40D3F68}.Debug|Any CPU.Build.0 = Debug|Any CPU
		{1D0B9868-40E0-44D5-BCA1-1656D40D3F68}.Release|Any CPU.ActiveCfg = Release|Any CPU
		{1D0B9868-40E0-44D5-BCA1-1656D40D3F68}.Release|Any CPU.Build.0 = Release|Any CPU
		{FA4D03A5-2D2F-4236-A76C-FAC98C0B17D0}.Debug|Any CPU.ActiveCfg = Debug|Any CPU
		{FA4D03A5-2D2F-4236-A76C-FAC98C0B17D0}.Debug|Any CPU.Build.0 = Debug|Any CPU
		{FA4D03A5-2D2F-4236-A76C-FAC98C0B17D0}.Release|Any CPU.ActiveCfg = Release|Any CPU
		{FA4D03A5-2D2F-4236-A76C-FAC98C0B17D0}.Release|Any CPU.Build.0 = Release|Any CPU
		{13D5B479-9181-436C-9E2C-899150BD8719}.Debug|Any CPU.ActiveCfg = Debug|Any CPU
		{13D5B479-9181-436C-9E2C-899150BD8719}.Debug|Any CPU.Build.0 = Debug|Any CPU
		{13D5B479-9181-436C-9E2C-899150BD8719}.Release|Any CPU.ActiveCfg = Release|Any CPU
		{13D5B479-9181-436C-9E2C-899150BD8719}.Release|Any CPU.Build.0 = Release|Any CPU
	EndGlobalSection
	GlobalSection(SolutionProperties) = preSolution
		HideSolutionNode = FALSE
	EndGlobalSection
	GlobalSection(ExtensibilityGlobals) = postSolution
		SolutionGuid = {3648DA7E-2FEE-46E1-A306-85A54787BA2B}
	EndGlobalSection
EndGlobal
